// !$*UTF8*$!
{
	archiveVersion = 1;
	classes = {
	};
	objectVersion = 46;
	objects = {

/* Begin PBXBuildFile section */
		CC7357701CC7647E0034EAF6 /* main.m in Sources */ = {isa = PBXBuildFile; fileRef = CC73576F1CC7647E0034EAF6 /* main.m */; };
		CC7357781CC764A50034EAF6 /* treeNode.m in Sources */ = {isa = PBXBuildFile; fileRef = CC7357771CC764A50034EAF6 /* treeNode.m */; };
/* End PBXBuildFile section */

/* Begin PBXCopyFilesBuildPhase section */
		CC73576A1CC7647E0034EAF6 /* CopyFiles */ = {
			isa = PBXCopyFilesBuildPhase;
			buildActionMask = 2147483647;
			dstPath = /usr/share/man/man1/;
			dstSubfolderSpec = 0;
			files = (
			);
			runOnlyForDeploymentPostprocessing = 1;
		};
/* End PBXCopyFilesBuildPhase section */

/* Begin PBXFileReference section */
		CC73576C1CC7647E0034EAF6 /* OC-二叉树demo */ = {isa = PBXFileReference; explicitFileType = "compiled.mach-o.executable"; includeInIndex = 0; path = "OC-二叉树demo"; sourceTree = BUILT_PRODUCTS_DIR; };
		CC73576F1CC7647E0034EAF6 /* main.m */ = {isa = PBXFileReference; lastKnownFileType = sourcecode.c.objc; path = main.m; sourceTree = "<group>"; };
		CC7357761CC764A50034EAF6 /* treeNode.h */ = {isa = PBXFileReference; fileEncoding = 4; lastKnownFileType = sourcecode.c.h; path = treeNode.h; sourceTree = "<group>"; };
		CC7357771CC764A50034EAF6 /* treeNode.m */ = {isa = PBXFileReference; fileEncoding = 4; lastKnownFileType = sourcecode.c.objc; path = treeNode.m; sourceTree = "<group>"; };
/* End PBXFileReference section */

/* Begin PBXFrameworksBuildPhase section */
		CC7357691CC7647E0034EAF6 /* Frameworks */ = {
			isa = PBXFrameworksBuildPhase;
			buildActionMask = 2147483647;
			files = (
			);
			runOnlyForDeploymentPostprocessing = 0;
		};
/* End PBXFrameworksBuildPhase section */

/* Begin PBXGroup section */
		CC7357631CC7647E0034EAF6 = {
			isa = PBXGroup;
			children = (
				CC73576E1CC7647E0034EAF6 /* OC-二叉树demo */,
				CC73576D1CC7647E0034EAF6 /* Products */,
			);
			sourceTree = "<group>";
		};
		CC73576D1CC7647E0034EAF6 /* Products */ = {
			isa = PBXGroup;
			children = (
				CC73576C1CC7647E0034EAF6 /* OC-二叉树demo */,
			);
			name = Products;
			sourceTree = "<group>";
		};
		CC73576E1CC7647E0034EAF6 /* OC-二叉树demo */ = {
			isa = PBXGroup;
			children = (
				CC73576F1CC7647E0034EAF6 /* main.m */,
				CC7357761CC764A50034EAF6 /* treeNode.h */,
				CC7357771CC764A50034EAF6 /* treeNode.m */,
			);
			path = "OC-二叉树demo";
			sourceTree = "<group>";
		};
/* End PBXGroup section */

/* Begin PBXNativeTarget section */
		CC73576B1CC7647E0034EAF6 /* OC-二叉树demo */ = {
			isa = PBXNativeTarget;
			buildConfigurationList = CC7357731CC7647E0034EAF6 /* Build configuration list for PBXNativeTarget "OC-二叉树demo" */;
			buildPhases = (
				CC7357681CC7647E0034EAF6 /* Sources */,
				CC7357691CC7647E0034EAF6 /* Frameworks */,
				CC73576A1CC7647E0034EAF6 /* CopyFiles */,
			);
			buildRules = (
			);
			dependencies = (
			);
			name = "OC-二叉树demo";
			productName = "OC-二叉树demo";
			productReference = CC73576C1CC7647E0034EAF6 /* OC-二叉树demo */;
			productType = "com.apple.product-type.tool";
		};
/* End PBXNativeTarget section */

/* Begin PBXProject section */
		CC7357641CC7647E0034EAF6 /* Project object */ = {
			isa = PBXProject;
			attributes = {
				LastUpgradeCheck = 0730;
				ORGANIZATIONNAME = "张小东";
				TargetAttributes = {
					CC73576B1CC7647E0034EAF6 = {
						CreatedOnToolsVersion = 7.3;
					};
				};
			};
			buildConfigurationList = CC7357671CC7647E0034EAF6 /* Build configuration list for PBXProject "OC-二叉树demo" */;
			compatibilityVersion = "Xcode 3.2";
			developmentRegion = English;
			hasScannedForEncodings = 0;
			knownRegions = (
				en,
			);
			mainGroup = CC7357631CC7647E0034EAF6;
			productRefGroup = CC73576D1CC7647E0034EAF6 /* Products */;
			projectDirPath = "";
			projectRoot = "";
			targets = (
				CC73576B1CC7647E0034EAF6 /* OC-二叉树demo */,
			);
		};
/* End PBXProject section */

/* Begin PBXSourcesBuildPhase section */
		CC7357681CC7647E0034EAF6 /* Sources */ = {
			isa = PBXSourcesBuildPhase;
			buildActionMask = 2147483647;
			files = (
				CC7357701CC7647E0034EAF6 /* main.m in Sources */,
				CC7357781CC764A50034EAF6 /* treeNode.m in Sources */,
			);
			runOnlyForDeploymentPostprocessing = 0;
		};
/* End PBXSourcesBuildPhase section */

/* Begin XCBuildConfiguration section */
		CC7357711CC7647E0034EAF6 /* Debug */ = {
			isa = XCBuildConfiguration;
			buildSettings = {
				ALWAYS_SEARCH_USER_PATHS = NO;
				CLANG_ANALYZER_NONNULL = YES;
				CLANG_CXX_LANGUAGE_STANDARD = "gnu++0x";
				CLANG_CXX_LIBRARY = "libc++";
				CLANG_ENABLE_MODULES = YES;
				CLANG_ENABLE_OBJC_ARC = YES;
				CLANG_WARN_BOOL_CONVERSION = YES;
				CLANG_WARN_CONSTANT_CONVERSION = YES;
				CLANG_WARN_DIRECT_OBJC_ISA_USAGE = YES_ERROR;
				CLANG_WARN_EMPTY_BODY = YES;
				CLANG_WARN_ENUM_CONVERSION = YES;
				CLANG_WARN_INT_CONVERSION = YES;
				CLANG_WARN_OBJC_ROOT_CLASS = YES_ERROR;
				CLANG_WARN_UNREACHABLE_CODE = YES;
				CLANG_WARN__DUPLICATE_METHOD_MATCH = YES;
				CODE_SIGN_IDENTITY = "-";
				COPY_PHASE_STRIP = NO;
				DEBUG_INFORMATION_FORMAT = dwarf;
				ENABLE_STRICT_OBJC_MSGSEND = YES;
				ENABLE_TESTABILITY = YES;
				GCC_C_LANGUAGE_STANDARD = gnu99;
				GCC_DYNAMIC_NO_PIC = NO;
				GCC_NO_COMMON_BLOCKS = YES;
				GCC_OPTIMIZATION_LEVEL = 0;
				GCC_PREPROCESSOR_DEFINITIONS = (
					"DEBUG=1",
					"$(inherited)",
				);
				GCC_WARN_64_TO_32_BIT_CONVERSION = YES;
				GCC_WARN_ABOUT_RETURN_TYPE = YES_ERROR;
				GCC_WARN_UNDECLARED_SELECTOR = YES;
				GCC_WARN_UNINITIALIZED_AUTOS = YES_AGGRESSIVE;
				GCC_WARN_UNUSED_FUNCTION = YES;
				GCC_WARN_UNUSED_VARIABLE = YES;
				MACOSX_DEPLOYMENT_TARGET = 10.11;
				MTL_ENABLE_DEBUG_INFO = YES;
				ONLY_ACTIVE_ARCH = YES;
				SDKROOT = macosx;
			};
			name = Debug;
		};
		CC7357721CC7647E0034EAF6 /* Release */ = {
			isa = XCBuildConfiguration;
			buildSettings = {
				ALWAYS_SEARCH_USER_PATHS = NO;
				CLANG_ANALYZER_NONNULL = YES;
				CLANG_CXX_LANGUAGE_STANDARD = "gnu++0x";
				CLANG_CXX_LIBRARY = "libc++";
				CLANG_ENABLE_MODULES = YES;
				CLANG_ENABLE_OBJC_ARC = YES;
				CLANG_WARN_BOOL_CONVERSION = YES;
				CLANG_WARN_CONSTANT_CONVERSION = YES;
				CLANG_WARN_DIRECT_OBJC_ISA_USAGE = YES_ERROR;
				CLANG_WARN_EMPTY_BODY = YES;
				CLANG_WARN_ENUM_CONVERSION = YES;
				CLANG_WARN_INT_CONVERSION = YES;
				CLANG_WARN_OBJC_ROOT_CLASS = YES_ERROR;
				CLANG_WARN_UNREACHABLE_CODE = YES;
				CLANG_WARN__DUPLICATE_METHOD_MATCH = YES;
				CODE_SIGN_IDENTITY = "-";
				COPY_PHASE_STRIP = NO;
				DEBUG_INFORMATION_FORMAT = "dwarf-with-dsym";
				ENABLE_NS_ASSERTIONS = NO;
				ENABLE_STRICT_OBJC_MSGSEND = YES;
				GCC_C_LANGUAGE_STANDARD = gnu99;
				GCC_NO_COMMON_BLOCKS = YES;
				GCC_WARN_64_TO_32_BIT_CONVERSION = YES;
				GCC_WARN_ABOUT_RETURN_TYPE = YES_ERROR;
				GCC_WARN_UNDECLARED_SELECTOR = YES;
				GCC_WARN_UNINITIALIZED_AUTOS = YES_AGGRESSIVE;
				GCC_WARN_UNUSED_FUNCTION = YES;
				GCC_WARN_UNUSED_VARIABLE = YES;
				MACOSX_DEPLOYMENT_TARGET = 10.11;
				MTL_ENABLE_DEBUG_INFO = NO;
				SDKROOT = macosx;
			};
			name = Release;
		};
		CC7357741CC7647E0034EAF6 /* Debug */ = {
			isa = XCBuildConfiguration;
			buildSettings = {
				PRODUCT_NAME = "$(TARGET_NAME)";
			};
			name = Debug;
		};
		CC7357751CC7647E0034EAF6 /* Release */ = {
			isa = XCBuildConfiguration;
			buildSettings = {
				PRODUCT_NAME = "$(TARGET_NAME)";
			};
			name = Release;
		};
/* End XCBuildConfiguration section */

/* Begin XCConfigurationList section */
		CC7357671CC7647E0034EAF6 /* Build configuration list for PBXProject "OC-二叉树demo" */ = {
			isa = XCConfigurationList;
			buildConfigurations = (
				CC7357711CC7647E0034EAF6 /* Debug */,
				CC7357721CC7647E0034EAF6 /* Release */,
			);
			defaultConfigurationIsVisible = 0;
			defaultConfigurationName = Release;
		};
		CC7357731CC7647E0034EAF6 /* Build configuration list for PBXNativeTarget "OC-二叉树demo" */ = {
			isa = XCConfigurationList;
			buildConfigurations = (
				CC7357741CC7647E0034EAF6 /* Debug */,
				CC7357751CC7647E0034EAF6 /* Release */,
			);
			defaultConfigurationIsVisible = 0;
		};
/* End XCConfigurationList section */
	};
	rootObject = CC7357641CC7647E0034EAF6 /* Project object */;
}
